
Microsoft Visual Studio Solution File, Format Version 12.00
# Visual Studio 14
VisualStudioVersion = 14.0.25123.0
MinimumVisualStudioVersion = 10.0.40219.1
Project("{FAE04EC0-301F-11D3-BF4B-00C04F79EFBC}") = "SpaSample", "SpaSample\SpaSample.csproj", "{507606AF-DB64-4949-9DAF-A0194B8D04CD}"
EndProject
Global
	GlobalSection(SolutionConfigurationPlatforms) = preSolution
		Debug|Any CPU = Debug|Any CPU
		Release|Any CPU = Release|Any CPU
	EndGlobalSection
	GlobalSection(ProjectConfigurationPlatforms) = postSolution
		{507606AF-DB64-4949-9DAF-A0194B8D04CD}.Debug|Any CPU.ActiveCfg = Debug|Any CPU
		{507606AF-DB64-4949-9DAF-A0194B8D04CD}.Debug|Any CPU.Build.0 = Debug|Any CPU
		{507606AF-DB64-4949-9DAF-A0194B8D04CD}.Release|Any CPU.ActiveCfg = Release|Any CPU
		{507606AF-DB64-4949-9DAF-A0194B8D04CD}.Release|Any CPU.Build.0 = Release|Any CPU
	EndGlobalSection
	GlobalSection(SolutionProperties) = preSolution
		HideSolutionNode = FALSE
	EndGlobalSection
EndGlobal
